
Microsoft Visual Studio Solution File, Format Version 12.00
# Visual Studio Version 17
VisualStudioVersion = 17.6.33829.357
MinimumVisualStudioVersion = 10.0.40219.1
Project("{FAE04EC0-301F-11D3-BF4B-00C04F79EFBC}") = "Interfacehomework", "Interfacehomework\Interfacehomework.csproj", "{8A13349F-3B11-4384-BF8D-9BAA9C39573A}"
EndProject
Global
	GlobalSection(SolutionConfigurationPlatforms) = preSolution
		Debug|Any CPU = Debug|Any CPU
		Release|Any CPU = Release|Any CPU
	EndGlobalSection
	GlobalSection(ProjectConfigurationPlatforms) = postSolution
		{8A13349F-3B11-4384-BF8D-9BAA9C39573A}.Debug|Any CPU.ActiveCfg = Debug|Any CPU
		{8A13349F-3B11-4384-BF8D-9BAA9C39573A}.Debug|Any CPU.Build.0 = Debug|Any CPU
		{8A13349F-3B11-4384-BF8D-9BAA9C39573A}.Release|Any CPU.ActiveCfg = Release|Any CPU
		{8A13349F-3B11-4384-BF8D-9BAA9C39573A}.Release|Any CPU.Build.0 = Release|Any CPU
	EndGlobalSection
	GlobalSection(SolutionProperties) = preSolution
		HideSolutionNode = FALSE
	EndGlobalSection
	GlobalSection(ExtensibilityGlobals) = postSolution
		SolutionGuid = {6ACCBEF0-A04B-40C1-9C07-BA7564A1572B}
	EndGlobalSection
EndGlobal
